
Microsoft Visual Studio Solution File, Format Version 11.00
# Visual Studio 2010
Project("{FAE04EC0-301F-11D3-BF4B-00C04F79EFBC}") = "UnityEngine.TestRunner", "UnityEngine.TestRunner.csproj", "{a40ff5f2-feb3-aff6-3f4b-ab88cc16f847}"
EndProject
Project("{FAE04EC0-301F-11D3-BF4B-00C04F79EFBC}") = "UnityEngine.UI", "UnityEngine.UI.csproj", "{1df55f3c-91e9-ef5e-d83b-8ad9560ad341}"
EndProject
Project("{FAE04EC0-301F-11D3-BF4B-00C04F79EFBC}") = "Unity.VisualScripting.Flow", "Unity.VisualScripting.Flow.csproj", "{84da5aa1-86ad-84f0-c214-bcdb1a52a6ba}"
EndProject
Project("{FAE04EC0-301F-11D3-BF4B-00C04F79EFBC}") = "Unity.Mathematics", "Unity.Mathematics.csproj", "{c434483c-ea8d-02c7-525b-3b95b834893a}"
EndProject
Project("{FAE04EC0-301F-11D3-BF4B-00C04F79EFBC}") = "Unity.Services.Core.Telemetry", "Unity.Services.Core.Telemetry.csproj", "{4e12dcc9-2a2c-68a0-b769-5da3e9788b5d}"
EndProject
Project("{FAE04EC0-301F-11D3-BF4B-00C04F79EFBC}") = "Unity.VisualScripting.State", "Unity.VisualScripting.State.csproj", "{9a120529-3b49-02b8-3fac-627699f923f1}"
EndProject
Project("{FAE04EC0-301F-11D3-BF4B-00C04F79EFBC}") = "Unity.VisualScripting.Core", "Unity.VisualScripting.Core.csproj", "{6c3fa8cf-9c2b-5a23-a45e-0e9ec35638a8}"
EndProject
Project("{FAE04EC0-301F-11D3-BF4B-00C04F79EFBC}") = "Unity.Services.Core.Environments.Internal", "Unity.Services.Core.Environments.Internal.csproj", "{6ad69a83-8da2-91b2-9130-72978856dfd5}"
EndProject
Project("{FAE04EC0-301F-11D3-BF4B-00C04F79EFBC}") = "Unity.Burst", "Unity.Burst.csproj", "{b44f673b-5a0d-ca71-6069-03ab1ef62782}"
EndProject
Project("{FAE04EC0-301F-11D3-BF4B-00C04F79EFBC}") = "Unity.2D.Animation.Runtime", "Unity.2D.Animation.Runtime.csproj", "{821e9b0b-2f67-b031-e9b1-8608e3679b4f}"
EndProject
Project("{FAE04EC0-301F-11D3-BF4B-00C04F79EFBC}") = "Unity.TextMeshPro", "Unity.TextMeshPro.csproj", "{5afc07a4-8b1c-8212-87a3-99a4cbc96988}"
EndProject
Project("{FAE04EC0-301F-11D3-BF4B-00C04F79EFBC}") = "Unity.Timeline", "Unity.Timeline.csproj", "{fda3e5d7-8a3b-e3d3-d1d2-72db1094814b}"
EndProject
Project("{FAE04EC0-301F-11D3-BF4B-00C04F79EFBC}") = "Unity.Services.Core.Environments", "Unity.Services.Core.Environments.csproj", "{c270318d-b6ea-1e44-7aaf-49a511661250}"
EndProject
Project("{FAE04EC0-301F-11D3-BF4B-00C04F79EFBC}") = "Unity.Services.Core.Internal", "Unity.Services.Core.Internal.csproj", "{bb92d25f-c9c7-2105-4947-13791aa09ef0}"
EndProject
Project("{FAE04EC0-301F-11D3-BF4B-00C04F79EFBC}") = "Unity.Services.Core.Analytics", "Unity.Services.Core.Analytics.csproj", "{65fcac36-b11d-6324-4415-80ec78f90517}"
EndProject
Project("{FAE04EC0-301F-11D3-BF4B-00C04F79EFBC}") = "Unity.2D.SpriteShape.Runtime", "Unity.2D.SpriteShape.Runtime.csproj", "{d82ac7f9-693d-fcdf-cc8a-cd08dd00c08a}"
EndProject
Project("{FAE04EC0-301F-11D3-BF4B-00C04F79EFBC}") = "Assembly-CSharp", "Assembly-CSharp.csproj", "{eb45e67f-4b7f-6060-1ba6-b35c932f4fbb}"
EndProject
Project("{FAE04EC0-301F-11D3-BF4B-00C04F79EFBC}") = "Unity.Services.Core.Scheduler", "Unity.Services.Core.Scheduler.csproj", "{a925e896-fb39-9df0-23f4-adaf54236851}"
EndProject
Project("{FAE04EC0-301F-11D3-BF4B-00C04F79EFBC}") = "Unity.Services.Core.Registration", "Unity.Services.Core.Registration.csproj", "{8ec9ef3f-5f15-bf7d-0bde-d783eaf2573e}"
EndProject
Project("{FAE04EC0-301F-11D3-BF4B-00C04F79EFBC}") = "Unity.2D.PixelPerfect", "Unity.2D.PixelPerfect.csproj", "{bf1dc688-75c7-b1da-1b2e-18e9f013c40f}"
EndProject
Project("{FAE04EC0-301F-11D3-BF4B-00C04F79EFBC}") = "Unity.2D.Common.Runtime", "Unity.2D.Common.Runtime.csproj", "{a0fdf988-1874-a770-7088-04a205aba932}"
EndProject
Project("{FAE04EC0-301F-11D3-BF4B-00C04F79EFBC}") = "Unity.2D.IK.Runtime", "Unity.2D.IK.Runtime.csproj", "{5fab04ff-29d9-3bc8-d1ef-1824cc50a39e}"
EndProject
Project("{FAE04EC0-301F-11D3-BF4B-00C04F79EFBC}") = "Unity.Services.Core.Device", "Unity.Services.Core.Device.csproj", "{14bf555e-9f46-452b-8bfc-0960402f6bdf}"
EndProject
Project("{FAE04EC0-301F-11D3-BF4B-00C04F79EFBC}") = "Unity.Services.Core.Threading", "Unity.Services.Core.Threading.csproj", "{ba75ff00-47dc-71a9-8378-dc3c9da1bb46}"
EndProject
Project("{FAE04EC0-301F-11D3-BF4B-00C04F79EFBC}") = "Unity.2D.Tilemap.Extras", "Unity.2D.Tilemap.Extras.csproj", "{3fdd553a-dc0d-a58f-2605-907cba2f0e5b}"
EndProject
Project("{FAE04EC0-301F-11D3-BF4B-00C04F79EFBC}") = "Unity.Services.Core.Networking", "Unity.Services.Core.Networking.csproj", "{e147f175-1abf-3f9e-46c7-34f22ff50949}"
EndProject
Project("{FAE04EC0-301F-11D3-BF4B-00C04F79EFBC}") = "Unity.Services.Core", "Unity.Services.Core.csproj", "{6989582d-d93d-829d-6f44-cd978f062ffb}"
EndProject
Project("{FAE04EC0-301F-11D3-BF4B-00C04F79EFBC}") = "Unity.InternalAPIEngineBridge.001", "Unity.InternalAPIEngineBridge.001.csproj", "{fdb765ec-5053-2800-ec4a-9421a451053f}"
EndProject
Project("{FAE04EC0-301F-11D3-BF4B-00C04F79EFBC}") = "Unity.Services.Core.Configuration", "Unity.Services.Core.Configuration.csproj", "{04d19a7f-c958-0cb0-16df-695d9f5eb22b}"
EndProject
Project("{FAE04EC0-301F-11D3-BF4B-00C04F79EFBC}") = "Unity.PlasticSCM.Editor", "Unity.PlasticSCM.Editor.csproj", "{73ce1de0-e56e-5580-138e-f777cc1e7a41}"
EndProject
Project("{FAE04EC0-301F-11D3-BF4B-00C04F79EFBC}") = "Unity.VisualScripting.Core.Editor", "Unity.VisualScripting.Core.Editor.csproj", "{150ec494-56fc-61e3-dad3-17cec694fcd6}"
EndProject
Project("{FAE04EC0-301F-11D3-BF4B-00C04F79EFBC}") = "Unity.VisualScripting.Flow.Editor", "Unity.VisualScripting.Flow.Editor.csproj", "{5bca8af6-f58e-1122-0694-acfbd33c2854}"
EndProject
Project("{FAE04EC0-301F-11D3-BF4B-00C04F79EFBC}") = "Unity.VisualStudio.Editor", "Unity.VisualStudio.Editor.csproj", "{33acc2a1-746d-e0c5-8e67-fbac57c67d1e}"
EndProject
Project("{FAE04EC0-301F-11D3-BF4B-00C04F79EFBC}") = "Unity.Timeline.Editor", "Unity.Timeline.Editor.csproj", "{4ab879bf-f0ac-1df2-437f-0289313a4ff8}"
EndProject
Project("{FAE04EC0-301F-11D3-BF4B-00C04F79EFBC}") = "Unity.VisualScripting.State.Editor", "Unity.VisualScripting.State.Editor.csproj", "{6ae7282b-8693-2010-8209-c250171ca2ef}"
EndProject
Project("{FAE04EC0-301F-11D3-BF4B-00C04F79EFBC}") = "Unity.TextMeshPro.Editor", "Unity.TextMeshPro.Editor.csproj", "{dcd4f6ce-4a14-f545-4460-023734724d29}"
EndProject
Project("{FAE04EC0-301F-11D3-BF4B-00C04F79EFBC}") = "Unity.2D.Animation.Editor", "Unity.2D.Animation.Editor.csproj", "{3148e0a4-1beb-a9d1-1371-f686ba1b36e9}"
EndProject
Project("{FAE04EC0-301F-11D3-BF4B-00C04F79EFBC}") = "Unity.VisualScripting.SettingsProvider.Editor", "Unity.VisualScripting.SettingsProvider.Editor.csproj", "{dae87212-d257-0a5c-85db-a0293901b5c4}"
EndProject
Project("{FAE04EC0-301F-11D3-BF4B-00C04F79EFBC}") = "Unity.CollabProxy.Editor", "Unity.CollabProxy.Editor.csproj", "{0f6cf826-7751-451d-55a9-4d2a9ae3918e}"
EndProject
Project("{FAE04EC0-301F-11D3-BF4B-00C04F79EFBC}") = "UnityEditor.TestRunner", "UnityEditor.TestRunner.csproj", "{3bdc521e-df64-e29f-3eb0-d7d31b2b60c6}"
EndProject
Project("{FAE04EC0-301F-11D3-BF4B-00C04F79EFBC}") = "Unity.2D.Tilemap.Editor", "Unity.2D.Tilemap.Editor.csproj", "{14c17aff-8790-659f-2b3d-e5907518fe92}"
EndProject
Project("{FAE04EC0-301F-11D3-BF4B-00C04F79EFBC}") = "Unity.Services.Core.Editor", "Unity.Services.Core.Editor.csproj", "{b3448ffa-26a6-a62e-48f6-1d8ac21f4ca7}"
EndProject
Project("{FAE04EC0-301F-11D3-BF4B-00C04F79EFBC}") = "Unity.Rider.Editor", "Unity.Rider.Editor.csproj", "{57854e23-15a5-e4a1-4e0a-7901012edf13}"
EndProject
Project("{FAE04EC0-301F-11D3-BF4B-00C04F79EFBC}") = "Unity.2D.Path.Editor", "Unity.2D.Path.Editor.csproj", "{3d811669-5e81-df03-54ce-2e608be6292c}"
EndProject
Project("{FAE04EC0-301F-11D3-BF4B-00C04F79EFBC}") = "PsdPlugin", "PsdPlugin.csproj", "{832c938f-43e0-35d7-d08a-3f3133e3ce2c}"
EndProject
Project("{FAE04EC0-301F-11D3-BF4B-00C04F79EFBC}") = "Unity.2D.IK.Editor", "Unity.2D.IK.Editor.csproj", "{3138db8f-3965-4673-eb92-1f4cb659224e}"
EndProject
Project("{FAE04EC0-301F-11D3-BF4B-00C04F79EFBC}") = "Unity.2D.Psdimporter.Editor", "Unity.2D.Psdimporter.Editor.csproj", "{4fd66ad0-e115-e1a9-3aa1-a88173d9ba85}"
EndProject
Project("{FAE04EC0-301F-11D3-BF4B-00C04F79EFBC}") = "Unity.2D.SpriteShape.Editor", "Unity.2D.SpriteShape.Editor.csproj", "{14509760-34a3-ed60-361c-ea513637384c}"
EndProject
Project("{FAE04EC0-301F-11D3-BF4B-00C04F79EFBC}") = "Unity.Burst.CodeGen", "Unity.Burst.CodeGen.csproj", "{a9cc1b14-7b4a-6e5f-31b0-c99d9bf683ae}"
EndProject
Project("{FAE04EC0-301F-11D3-BF4B-00C04F79EFBC}") = "Unity.2D.PixelPerfect.Editor", "Unity.2D.PixelPerfect.Editor.csproj", "{4fb1757b-4d21-ca4a-babb-0442797e2375}"
EndProject
Project("{FAE04EC0-301F-11D3-BF4B-00C04F79EFBC}") = "Unity.VSCode.Editor", "Unity.VSCode.Editor.csproj", "{26548462-02c9-6a33-e152-ee507aaad022}"
EndProject
Project("{FAE04EC0-301F-11D3-BF4B-00C04F79EFBC}") = "Unity.2D.Sprite.Editor", "Unity.2D.Sprite.Editor.csproj", "{3395e570-9ba8-5a24-dc83-84f83fbfe1ac}"
EndProject
Project("{FAE04EC0-301F-11D3-BF4B-00C04F79EFBC}") = "UnityEditor.UI", "UnityEditor.UI.csproj", "{5dd0f991-28ac-a548-943d-179a5b92ea53}"
EndProject
Project("{FAE04EC0-301F-11D3-BF4B-00C04F79EFBC}") = "Unity.2D.Common.Editor", "Unity.2D.Common.Editor.csproj", "{fae9647c-f553-1f73-f966-d760708e04d3}"
EndProject
Project("{FAE04EC0-301F-11D3-BF4B-00C04F79EFBC}") = "Unity.Mathematics.Editor", "Unity.Mathematics.Editor.csproj", "{e3202216-1095-ac0c-8679-c1c5c2b1ee93}"
EndProject
Project("{FAE04EC0-301F-11D3-BF4B-00C04F79EFBC}") = "Unity.Services.Core.Configuration.Editor", "Unity.Services.Core.Configuration.Editor.csproj", "{8f264f7e-c538-9363-3f42-421209a80832}"
EndProject
Project("{FAE04EC0-301F-11D3-BF4B-00C04F79EFBC}") = "Unity.2D.Tilemap.Extras.Editor", "Unity.2D.Tilemap.Extras.Editor.csproj", "{08811005-2f1e-612a-09f0-2f3444e50dc6}"
EndProject
Project("{FAE04EC0-301F-11D3-BF4B-00C04F79EFBC}") = "Unity.Burst.Editor", "Unity.Burst.Editor.csproj", "{d540bc9a-42fa-1b00-d386-b9199c1cfd8e}"
EndProject
Project("{FAE04EC0-301F-11D3-BF4B-00C04F79EFBC}") = "Unity.InternalAPIEditorBridge.001", "Unity.InternalAPIEditorBridge.001.csproj", "{656028fa-7932-c229-fc52-32a1211bde90}"
EndProject
Project("{FAE04EC0-301F-11D3-BF4B-00C04F79EFBC}") = "Unity.VisualScripting.Shared.Editor", "Unity.VisualScripting.Shared.Editor.csproj", "{41e76339-a79a-ae2c-ecb7-30ea9e148c7a}"
EndProject
Global
	GlobalSection(SolutionConfigurationPlatforms) = preSolution
		Debug|Any CPU = Debug|Any CPU
	EndGlobalSection
	GlobalSection(ProjectConfigurationPlatforms) = postSolution
		{a40ff5f2-feb3-aff6-3f4b-ab88cc16f847}.Debug|Any CPU.ActiveCfg = Debug|Any CPU
		{a40ff5f2-feb3-aff6-3f4b-ab88cc16f847}.Debug|Any CPU.Build.0 = Debug|Any CPU
		{1df55f3c-91e9-ef5e-d83b-8ad9560ad341}.Debug|Any CPU.ActiveCfg = Debug|Any CPU
		{1df55f3c-91e9-ef5e-d83b-8ad9560ad341}.Debug|Any CPU.Build.0 = Debug|Any CPU
		{84da5aa1-86ad-84f0-c214-bcdb1a52a6ba}.Debug|Any CPU.ActiveCfg = Debug|Any CPU
		{84da5aa1-86ad-84f0-c214-bcdb1a52a6ba}.Debug|Any CPU.Build.0 = Debug|Any CPU
		{c434483c-ea8d-02c7-525b-3b95b834893a}.Debug|Any CPU.ActiveCfg = Debug|Any CPU
		{c434483c-ea8d-02c7-525b-3b95b834893a}.Debug|Any CPU.Build.0 = Debug|Any CPU
		{4e12dcc9-2a2c-68a0-b769-5da3e9788b5d}.Debug|Any CPU.ActiveCfg = Debug|Any CPU
		{4e12dcc9-2a2c-68a0-b769-5da3e9788b5d}.Debug|Any CPU.Build.0 = Debug|Any CPU
		{9a120529-3b49-02b8-3fac-627699f923f1}.Debug|Any CPU.ActiveCfg = Debug|Any CPU
		{9a120529-3b49-02b8-3fac-627699f923f1}.Debug|Any CPU.Build.0 = Debug|Any CPU
		{6c3fa8cf-9c2b-5a23-a45e-0e9ec35638a8}.Debug|Any CPU.ActiveCfg = Debug|Any CPU
		{6c3fa8cf-9c2b-5a23-a45e-0e9ec35638a8}.Debug|Any CPU.Build.0 = Debug|Any CPU
		{6ad69a83-8da2-91b2-9130-72978856dfd5}.Debug|Any CPU.ActiveCfg = Debug|Any CPU
		{6ad69a83-8da2-91b2-9130-72978856dfd5}.Debug|Any CPU.Build.0 = Debug|Any CPU
		{b44f673b-5a0d-ca71-6069-03ab1ef62782}.Debug|Any CPU.ActiveCfg = Debug|Any CPU
		{b44f673b-5a0d-ca71-6069-03ab1ef62782}.Debug|Any CPU.Build.0 = Debug|Any CPU
		{821e9b0b-2f67-b031-e9b1-8608e3679b4f}.Debug|Any CPU.ActiveCfg = Debug|Any CPU
		{821e9b0b-2f67-b031-e9b1-8608e3679b4f}.Debug|Any CPU.Build.0 = Debug|Any CPU
		{5afc07a4-8b1c-8212-87a3-99a4cbc96988}.Debug|Any CPU.ActiveCfg = Debug|Any CPU
		{5afc07a4-8b1c-8212-87a3-99a4cbc96988}.Debug|Any CPU.Build.0 = Debug|Any CPU
		{fda3e5d7-8a3b-e3d3-d1d2-72db1094814b}.Debug|Any CPU.ActiveCfg = Debug|Any CPU
		{fda3e5d7-8a3b-e3d3-d1d2-72db1094814b}.Debug|Any CPU.Build.0 = Debug|Any CPU
		{c270318d-b6ea-1e44-7aaf-49a511661250}.Debug|Any CPU.ActiveCfg = Debug|Any CPU
		{c270318d-b6ea-1e44-7aaf-49a511661250}.Debug|Any CPU.Build.0 = Debug|Any CPU
		{bb92d25f-c9c7-2105-4947-13791aa09ef0}.Debug|Any CPU.ActiveCfg = Debug|Any CPU
		{bb92d25f-c9c7-2105-4947-13791aa09ef0}.Debug|Any CPU.Build.0 = Debug|Any CPU
		{65fcac36-b11d-6324-4415-80ec78f90517}.Debug|Any CPU.ActiveCfg = Debug|Any CPU
		{65fcac36-b11d-6324-4415-80ec78f90517}.Debug|Any CPU.Build.0 = Debug|Any CPU
		{d82ac7f9-693d-fcdf-cc8a-cd08dd00c08a}.Debug|Any CPU.ActiveCfg = Debug|Any CPU
		{d82ac7f9-693d-fcdf-cc8a-cd08dd00c08a}.Debug|Any CPU.Build.0 = Debug|Any CPU
		{eb45e67f-4b7f-6060-1ba6-b35c932f4fbb}.Debug|Any CPU.ActiveCfg = Debug|Any CPU
		{eb45e67f-4b7f-6060-1ba6-b35c932f4fbb}.Debug|Any CPU.Build.0 = Debug|Any CPU
		{a925e896-fb39-9df0-23f4-adaf54236851}.Debug|Any CPU.ActiveCfg = Debug|Any CPU
		{a925e896-fb39-9df0-23f4-adaf54236851}.Debug|Any CPU.Build.0 = Debug|Any CPU
		{8ec9ef3f-5f15-bf7d-0bde-d783eaf2573e}.Debug|Any CPU.ActiveCfg = Debug|Any CPU
		{8ec9ef3f-5f15-bf7d-0bde-d783eaf2573e}.Debug|Any CPU.Build.0 = Debug|Any CPU
		{bf1dc688-75c7-b1da-1b2e-18e9f013c40f}.Debug|Any CPU.ActiveCfg = Debug|Any CPU
		{bf1dc688-75c7-b1da-1b2e-18e9f013c40f}.Debug|Any CPU.Build.0 = Debug|Any CPU
		{a0fdf988-1874-a770-7088-04a205aba932}.Debug|Any CPU.ActiveCfg = Debug|Any CPU
		{a0fdf988-1874-a770-7088-04a205aba932}.Debug|Any CPU.Build.0 = Debug|Any CPU
		{5fab04ff-29d9-3bc8-d1ef-1824cc50a39e}.Debug|Any CPU.ActiveCfg = Debug|Any CPU
		{5fab04ff-29d9-3bc8-d1ef-1824cc50a39e}.Debug|Any CPU.Build.0 = Debug|Any CPU
		{14bf555e-9f46-452b-8bfc-0960402f6bdf}.Debug|Any CPU.ActiveCfg = Debug|Any CPU
		{14bf555e-9f46-452b-8bfc-0960402f6bdf}.Debug|Any CPU.Build.0 = Debug|Any CPU
		{ba75ff00-47dc-71a9-8378-dc3c9da1bb46}.Debug|Any CPU.ActiveCfg = Debug|Any CPU
		{ba75ff00-47dc-71a9-8378-dc3c9da1bb46}.Debug|Any CPU.Build.0 = Debug|Any CPU
		{3fdd553a-dc0d-a58f-2605-907cba2f0e5b}.Debug|Any CPU.ActiveCfg = Debug|Any CPU
		{3fdd553a-dc0d-a58f-2605-907cba2f0e5b}.Debug|Any CPU.Build.0 = Debug|Any CPU
		{e147f175-1abf-3f9e-46c7-34f22ff50949}.Debug|Any CPU.ActiveCfg = Debug|Any CPU
		{e147f175-1abf-3f9e-46c7-34f22ff50949}.Debug|Any CPU.Build.0 = Debug|Any CPU
		{6989582d-d93d-829d-6f44-cd978f062ffb}.Debug|Any CPU.ActiveCfg = Debug|Any CPU
		{6989582d-d93d-829d-6f44-cd978f062ffb}.Debug|Any CPU.Build.0 = Debug|Any CPU
		{fdb765ec-5053-2800-ec4a-9421a451053f}.Debug|Any CPU.ActiveCfg = Debug|Any CPU
		{fdb765ec-5053-2800-ec4a-9421a451053f}.Debug|Any CPU.Build.0 = Debug|Any CPU
		{04d19a7f-c958-0cb0-16df-695d9f5eb22b}.Debug|Any CPU.ActiveCfg = Debug|Any CPU
		{04d19a7f-c958-0cb0-16df-695d9f5eb22b}.Debug|Any CPU.Build.0 = Debug|Any CPU
		{73ce1de0-e56e-5580-138e-f777cc1e7a41}.Debug|Any CPU.ActiveCfg = Debug|Any CPU
		{73ce1de0-e56e-5580-138e-f777cc1e7a41}.Debug|Any CPU.Build.0 = Debug|Any CPU
		{150ec494-56fc-61e3-dad3-17cec694fcd6}.Debug|Any CPU.ActiveCfg = Debug|Any CPU
		{150ec494-56fc-61e3-dad3-17cec694fcd6}.Debug|Any CPU.Build.0 = Debug|Any CPU
		{5bca8af6-f58e-1122-0694-acfbd33c2854}.Debug|Any CPU.ActiveCfg = Debug|Any CPU
		{5bca8af6-f58e-1122-0694-acfbd33c2854}.Debug|Any CPU.Build.0 = Debug|Any CPU
		{33acc2a1-746d-e0c5-8e67-fbac57c67d1e}.Debug|Any CPU.ActiveCfg = Debug|Any CPU
		{33acc2a1-746d-e0c5-8e67-fbac57c67d1e}.Debug|Any CPU.Build.0 = Debug|Any CPU
		{4ab879bf-f0ac-1df2-437f-0289313a4ff8}.Debug|Any CPU.ActiveCfg = Debug|Any CPU
		{4ab879bf-f0ac-1df2-437f-0289313a4ff8}.Debug|Any CPU.Build.0 = Debug|Any CPU
		{6ae7282b-8693-2010-8209-c250171ca2ef}.Debug|Any CPU.ActiveCfg = Debug|Any CPU
		{6ae7282b-8693-2010-8209-c250171ca2ef}.Debug|Any CPU.Build.0 = Debug|Any CPU
		{dcd4f6ce-4a14-f545-4460-023734724d29}.Debug|Any CPU.ActiveCfg = Debug|Any CPU
		{dcd4f6ce-4a14-f545-4460-023734724d29}.Debug|Any CPU.Build.0 = Debug|Any CPU
		{3148e0a4-1beb-a9d1-1371-f686ba1b36e9}.Debug|Any CPU.ActiveCfg = Debug|Any CPU
		{3148e0a4-1beb-a9d1-1371-f686ba1b36e9}.Debug|Any CPU.Build.0 = Debug|Any CPU
		{dae87212-d257-0a5c-85db-a0293901b5c4}.Debug|Any CPU.ActiveCfg = Debug|Any CPU
		{dae87212-d257-0a5c-85db-a0293901b5c4}.Debug|Any CPU.Build.0 = Debug|Any CPU
		{0f6cf826-7751-451d-55a9-4d2a9ae3918e}.Debug|Any CPU.ActiveCfg = Debug|Any CPU
		{0f6cf826-7751-451d-55a9-4d2a9ae3918e}.Debug|Any CPU.Build.0 = Debug|Any CPU
		{3bdc521e-df64-e29f-3eb0-d7d31b2b60c6}.Debug|Any CPU.ActiveCfg = Debug|Any CPU
		{3bdc521e-df64-e29f-3eb0-d7d31b2b60c6}.Debug|Any CPU.Build.0 = Debug|Any CPU
		{14c17aff-8790-659f-2b3d-e5907518fe92}.Debug|Any CPU.ActiveCfg = Debug|Any CPU
		{14c17aff-8790-659f-2b3d-e5907518fe92}.Debug|Any CPU.Build.0 = Debug|Any CPU
		{b3448ffa-26a6-a62e-48f6-1d8ac21f4ca7}.Debug|Any CPU.ActiveCfg = Debug|Any CPU
		{b3448ffa-26a6-a62e-48f6-1d8ac21f4ca7}.Debug|Any CPU.Build.0 = Debug|Any CPU
		{57854e23-15a5-e4a1-4e0a-7901012edf13}.Debug|Any CPU.ActiveCfg = Debug|Any CPU
		{57854e23-15a5-e4a1-4e0a-7901012edf13}.Debug|Any CPU.Build.0 = Debug|Any CPU
		{3d811669-5e81-df03-54ce-2e608be6292c}.Debug|Any CPU.ActiveCfg = Debug|Any CPU
		{3d811669-5e81-df03-54ce-2e608be6292c}.Debug|Any CPU.Build.0 = Debug|Any CPU
		{832c938f-43e0-35d7-d08a-3f3133e3ce2c}.Debug|Any CPU.ActiveCfg = Debug|Any CPU
		{832c938f-43e0-35d7-d08a-3f3133e3ce2c}.Debug|Any CPU.Build.0 = Debug|Any CPU
		{3138db8f-3965-4673-eb92-1f4cb659224e}.Debug|Any CPU.ActiveCfg = Debug|Any CPU
		{3138db8f-3965-4673-eb92-1f4cb659224e}.Debug|Any CPU.Build.0 = Debug|Any CPU
		{4fd66ad0-e115-e1a9-3aa1-a88173d9ba85}.Debug|Any CPU.ActiveCfg = Debug|Any CPU
		{4fd66ad0-e115-e1a9-3aa1-a88173d9ba85}.Debug|Any CPU.Build.0 = Debug|Any CPU
		{14509760-34a3-ed60-361c-ea513637384c}.Debug|Any CPU.ActiveCfg = Debug|Any CPU
		{14509760-34a3-ed60-361c-ea513637384c}.Debug|Any CPU.Build.0 = Debug|Any CPU
		{a9cc1b14-7b4a-6e5f-31b0-c99d9bf683ae}.Debug|Any CPU.ActiveCfg = Debug|Any CPU
		{a9cc1b14-7b4a-6e5f-31b0-c99d9bf683ae}.Debug|Any CPU.Build.0 = Debug|Any CPU
		{4fb1757b-4d21-ca4a-babb-0442797e2375}.Debug|Any CPU.ActiveCfg = Debug|Any CPU
		{4fb1757b-4d21-ca4a-babb-0442797e2375}.Debug|Any CPU.Build.0 = Debug|Any CPU
		{26548462-02c9-6a33-e152-ee507aaad022}.Debug|Any CPU.ActiveCfg = Debug|Any CPU
		{26548462-02c9-6a33-e152-ee507aaad022}.Debug|Any CPU.Build.0 = Debug|Any CPU
		{3395e570-9ba8-5a24-dc83-84f83fbfe1ac}.Debug|Any CPU.ActiveCfg = Debug|Any CPU
		{3395e570-9ba8-5a24-dc83-84f83fbfe1ac}.Debug|Any CPU.Build.0 = Debug|Any CPU
		{5dd0f991-28ac-a548-943d-179a5b92ea53}.Debug|Any CPU.ActiveCfg = Debug|Any CPU
		{5dd0f991-28ac-a548-943d-179a5b92ea53}.Debug|Any CPU.Build.0 = Debug|Any CPU
		{fae9647c-f553-1f73-f966-d760708e04d3}.Debug|Any CPU.ActiveCfg = Debug|Any CPU
		{fae9647c-f553-1f73-f966-d760708e04d3}.Debug|Any CPU.Build.0 = Debug|Any CPU
		{e3202216-1095-ac0c-8679-c1c5c2b1ee93}.Debug|Any CPU.ActiveCfg = Debug|Any CPU
		{e3202216-1095-ac0c-8679-c1c5c2b1ee93}.Debug|Any CPU.Build.0 = Debug|Any CPU
		{8f264f7e-c538-9363-3f42-421209a80832}.Debug|Any CPU.ActiveCfg = Debug|Any CPU
		{8f264f7e-c538-9363-3f42-421209a80832}.Debug|Any CPU.Build.0 = Debug|Any CPU
		{08811005-2f1e-612a-09f0-2f3444e50dc6}.Debug|Any CPU.ActiveCfg = Debug|Any CPU
		{08811005-2f1e-612a-09f0-2f3444e50dc6}.Debug|Any CPU.Build.0 = Debug|Any CPU
		{d540bc9a-42fa-1b00-d386-b9199c1cfd8e}.Debug|Any CPU.ActiveCfg = Debug|Any CPU
		{d540bc9a-42fa-1b00-d386-b9199c1cfd8e}.Debug|Any CPU.Build.0 = Debug|Any CPU
		{656028fa-7932-c229-fc52-32a1211bde90}.Debug|Any CPU.ActiveCfg = Debug|Any CPU
		{656028fa-7932-c229-fc52-32a1211bde90}.Debug|Any CPU.Build.0 = Debug|Any CPU
		{41e76339-a79a-ae2c-ecb7-30ea9e148c7a}.Debug|Any CPU.ActiveCfg = Debug|Any CPU
		{41e76339-a79a-ae2c-ecb7-30ea9e148c7a}.Debug|Any CPU.Build.0 = Debug|Any CPU
	EndGlobalSection
	GlobalSection(SolutionProperties) = preSolution
		HideSolutionNode = FALSE
	EndGlobalSection
EndGlobal
